{
  "version": 4,
  "terraform_version": "1.11.4",
  "serial": 496,
  "lineage": "7ff54ead-de45-5ca0-6d91-8fec29d5a6a2",
  "outputs": {
    "private_subnet_ids": {
      "value": [
        "subnet-0de74852b1e2602f5",
        "subnet-0b1f19e0cb141aec7",
        "subnet-0b1b6ad869503da7d"
      ],
      "type": [
        "tuple",
        [
          "string",
          "string",
          "string"
        ]
      ]
    },
    "public_subnet_ids": {
      "value": [
        "subnet-0deff8b8b72073d21",
        "subnet-02518ed9f597e1c91"
      ],
      "type": [
        "tuple",
        [
          "string",
          "string"
        ]
      ]
    }
  },
  "resources": [
    {
      "mode": "managed",
      "type": "aws_s3_bucket",
      "name": "terraform_state",
      "provider": "provider[\"registry.terraform.io/hashicorp/aws\"]",
      "instances": [
        {
          "schema_version": 0,
          "attributes": {
            "acceleration_status": "",
            "acl": null,
            "arn": "arn:aws:s3:::my-terraform-s3-state3",
            "bucket": "my-terraform-s3-state3",
            "bucket_domain_name": "my-terraform-s3-state3.s3.amazonaws.com",
            "bucket_prefix": "",
            "bucket_regional_domain_name": "my-terraform-s3-state3.s3.us-west-2.amazonaws.com",
            "cors_rule": [],
            "force_destroy": false,
            "grant": [
              {
                "id": "616a183857c8066ec3879a986169333dc06b9698ae9e62ae9787766e66f048bf",
                "permissions": [
                  "FULL_CONTROL"
                ],
                "type": "CanonicalUser",
                "uri": ""
              }
            ],
            "hosted_zone_id": "Z3BJ6K6RIION7M",
            "id": "my-terraform-s3-state3",
            "lifecycle_rule": [],
            "logging": [],
            "object_lock_configuration": [],
            "object_lock_enabled": false,
            "policy": "",
            "region": "us-west-2",
            "replication_configuration": [],
            "request_payer": "BucketOwner",
            "server_side_encryption_configuration": [
              {
                "rule": [
                  {
                    "apply_server_side_encryption_by_default": [
                      {
                        "kms_master_key_id": "",
                        "sse_algorithm": "AES256"
                      }
                    ],
                    "bucket_key_enabled": false
                  }
                ]
              }
            ],
            "tags": {
              "Environment": "Dev",
              "Name": "My bucket"
            },
            "tags_all": {
              "Environment": "Dev",
              "Name": "My bucket"
            },
            "timeouts": null,
            "versioning": [
              {
                "enabled": false,
                "mfa_delete": false
              }
            ],
            "website": [],
            "website_domain": null,
            "website_endpoint": null
          },
          "sensitive_attributes": [],
          "private": "eyJlMmJmYjczMC1lY2FhLTExZTYtOGY4OC0zNDM2M2JjN2M0YzAiOnsiY3JlYXRlIjoxMjAwMDAwMDAwMDAwLCJkZWxldGUiOjM2MDAwMDAwMDAwMDAsInJlYWQiOjEyMDAwMDAwMDAwMDAsInVwZGF0ZSI6MTIwMDAwMDAwMDAwMH19"
        }
      ]
    },
    {
      "mode": "managed",
      "type": "aws_s3_bucket_server_side_encryption_configuration",
      "name": "example",
      "provider": "provider[\"registry.terraform.io/hashicorp/aws\"]",
      "instances": [
        {
          "schema_version": 0,
          "attributes": {
            "bucket": "my-terraform-s3-state3",
            "expected_bucket_owner": "",
            "id": "my-terraform-s3-state3",
            "rule": [
              {
                "apply_server_side_encryption_by_default": [
                  {
                    "kms_master_key_id": "",
                    "sse_algorithm": "AES256"
                  }
                ],
                "bucket_key_enabled": null
              }
            ]
          },
          "sensitive_attributes": [],
          "private": "bnVsbA==",
          "dependencies": [
            "aws_s3_bucket.terraform_state"
          ]
        }
      ]
    },
    {
      "mode": "managed",
      "type": "aws_s3_bucket_versioning",
      "name": "versioning_example",
      "provider": "provider[\"registry.terraform.io/hashicorp/aws\"]",
      "instances": [
        {
          "schema_version": 0,
          "attributes": {
            "bucket": "my-terraform-s3-state3",
            "expected_bucket_owner": "",
            "id": "my-terraform-s3-state3",
            "mfa": null,
            "versioning_configuration": [
              {
                "mfa_delete": "",
                "status": "Enabled"
              }
            ]
          },
          "sensitive_attributes": [],
          "private": "bnVsbA==",
          "dependencies": [
            "aws_s3_bucket.terraform_state"
          ]
        }
      ]
    },
    {
      "module": "module.my-cluster1",
      "mode": "managed",
      "type": "aws_eks_access_entry",
      "name": "example_access_entry",
      "provider": "provider[\"registry.terraform.io/hashicorp/aws\"]",
      "instances": [
        {
          "schema_version": 0,
          "attributes": {
            "access_entry_arn": "arn:aws:eks:us-west-2:920372995171:access-entry/my-cluster1/user/920372995171/lexi1/82cb4aa0-f063-08c7-a9cc-d7341038f49b",
            "cluster_name": "my-cluster1",
            "created_at": "2025-05-03T08:27:24Z",
            "id": "my-cluster1:arn:aws:iam::920372995171:user/lexi1",
            "kubernetes_groups": [],
            "modified_at": "2025-05-03T08:27:24Z",
            "principal_arn": "arn:aws:iam::920372995171:user/lexi1",
            "tags": null,
            "tags_all": {},
            "timeouts": null,
            "type": "STANDARD",
            "user_name": "arn:aws:iam::920372995171:user/lexi1"
          },
          "sensitive_attributes": [],
          "private": "eyJlMmJmYjczMC1lY2FhLTExZTYtOGY4OC0zNDM2M2JjN2M0YzAiOnsiY3JlYXRlIjo2MDAwMDAwMDAwMDAsImRlbGV0ZSI6NjAwMDAwMDAwMDAwfX0=",
          "dependencies": [
            "module.my-cluster1.aws_eks_cluster.my-cluster",
            "module.my-cluster1.aws_iam_role.myeksclusterrole",
            "module.my-cluster1.aws_iam_role_policy_attachment.AmazonEKclusterPolicy",
            "module.myvpc1.aws_subnet.my-private-subnet",
            "module.myvpc1.aws_vpc.my-vpc"
          ]
        }
      ]
    },
    {
      "module": "module.my-cluster1",
      "mode": "managed",
      "type": "aws_eks_access_policy_association",
      "name": "example",
      "provider": "provider[\"registry.terraform.io/hashicorp/aws\"]",
      "instances": [
        {
          "schema_version": 0,
          "attributes": {
            "access_scope": [
              {
                "namespaces": null,
                "type": "cluster"
              }
            ],
            "associated_at": "2025-05-03 08:27:25.026 +0000 UTC",
            "cluster_name": "my-cluster1",
            "id": "my-cluster1#arn:aws:iam::920372995171:user/lexi1#arn:aws:eks::aws:cluster-access-policy/AmazonEKSClusterAdminPolicy",
            "modified_at": "2025-05-03 08:27:25.026 +0000 UTC",
            "policy_arn": "arn:aws:eks::aws:cluster-access-policy/AmazonEKSClusterAdminPolicy",
            "principal_arn": "arn:aws:iam::920372995171:user/lexi1",
            "timeouts": null
          },
          "sensitive_attributes": [],
          "private": "eyJlMmJmYjczMC1lY2FhLTExZTYtOGY4OC0zNDM2M2JjN2M0YzAiOnsiY3JlYXRlIjo2MDAwMDAwMDAwMDAsImRlbGV0ZSI6NjAwMDAwMDAwMDAwfX0=",
          "dependencies": [
            "module.my-cluster1.aws_eks_cluster.my-cluster",
            "module.my-cluster1.aws_iam_role.myeksclusterrole",
            "module.my-cluster1.aws_iam_role_policy_attachment.AmazonEKclusterPolicy",
            "module.myvpc1.aws_subnet.my-private-subnet",
            "module.myvpc1.aws_vpc.my-vpc"
          ]
        }
      ]
    },
    {
      "module": "module.my-cluster1",
      "mode": "managed",
      "type": "aws_eks_addon",
      "name": "my-adson",
      "provider": "provider[\"registry.terraform.io/hashicorp/aws\"]",
      "instances": [
        {
          "index_key": "1",
          "schema_version": 0,
          "attributes": {
            "addon_name": "coredns",
            "addon_version": "v1.11.4-eksbuild.2",
            "arn": "arn:aws:eks:us-west-2:920372995171:addon/my-cluster1/coredns/64cb4aa0-f039-aba8-f504-349313d78dd2",
            "cluster_name": "my-cluster1",
            "configuration_values": "",
            "created_at": "2025-05-03T08:27:24Z",
            "id": "my-cluster1:coredns",
            "modified_at": "2025-05-03T08:30:38Z",
            "pod_identity_association": [],
            "preserve": null,
            "resolve_conflicts": null,
            "resolve_conflicts_on_create": null,
            "resolve_conflicts_on_update": "PRESERVE",
            "service_account_role_arn": "",
            "tags": {
              "Env": "Dev"
            },
            "tags_all": {
              "Env": "Dev"
            },
            "timeouts": null
          },
          "sensitive_attributes": [],
          "private": "eyJlMmJmYjczMC1lY2FhLTExZTYtOGY4OC0zNDM2M2JjN2M0YzAiOnsiY3JlYXRlIjoxMjAwMDAwMDAwMDAwLCJkZWxldGUiOjI0MDAwMDAwMDAwMDAsInVwZGF0ZSI6MTIwMDAwMDAwMDAwMH19",
          "dependencies": [
            "module.my-cluster1.aws_eks_cluster.my-cluster",
            "module.my-cluster1.aws_iam_role.myeksclusterrole",
            "module.my-cluster1.aws_iam_role_policy_attachment.AmazonEKclusterPolicy",
            "module.myvpc1.aws_subnet.my-private-subnet",
            "module.myvpc1.aws_vpc.my-vpc"
          ]
        },
        {
          "index_key": "2",
          "schema_version": 0,
          "attributes": {
            "addon_name": "vpc-cni",
            "addon_version": "v1.19.2-eksbuild.1",
            "arn": "arn:aws:eks:us-west-2:920372995171:addon/my-cluster1/vpc-cni/a6cb4aa0-f037-028d-0ad4-05a756e1ea57",
            "cluster_name": "my-cluster1",
            "configuration_values": "",
            "created_at": "2025-05-03T08:27:25Z",
            "id": "my-cluster1:vpc-cni",
            "modified_at": "2025-05-03T08:31:04Z",
            "pod_identity_association": [],
            "preserve": null,
            "resolve_conflicts": null,
            "resolve_conflicts_on_create": null,
            "resolve_conflicts_on_update": "PRESERVE",
            "service_account_role_arn": "",
            "tags": {
              "Env": "Dev"
            },
            "tags_all": {
              "Env": "Dev"
            },
            "timeouts": null
          },
          "sensitive_attributes": [],
          "private": "eyJlMmJmYjczMC1lY2FhLTExZTYtOGY4OC0zNDM2M2JjN2M0YzAiOnsiY3JlYXRlIjoxMjAwMDAwMDAwMDAwLCJkZWxldGUiOjI0MDAwMDAwMDAwMDAsInVwZGF0ZSI6MTIwMDAwMDAwMDAwMH19",
          "dependencies": [
            "module.my-cluster1.aws_eks_cluster.my-cluster",
            "module.my-cluster1.aws_iam_role.myeksclusterrole",
            "module.my-cluster1.aws_iam_role_policy_attachment.AmazonEKclusterPolicy",
            "module.myvpc1.aws_subnet.my-private-subnet",
            "module.myvpc1.aws_vpc.my-vpc"
          ]
        },
        {
          "index_key": "3",
          "schema_version": 0,
          "attributes": {
            "addon_name": "eks-pod-identity-agent",
            "addon_version": "v1.3.4-eksbuild.1",
            "arn": "arn:aws:eks:us-west-2:920372995171:addon/my-cluster1/eks-pod-identity-agent/b4cb4aa0-f036-4115-bd84-d694c0f2e84b",
            "cluster_name": "my-cluster1",
            "configuration_values": "",
            "created_at": "2025-05-03T08:27:25Z",
            "id": "my-cluster1:eks-pod-identity-agent",
            "modified_at": "2025-05-03T08:31:01Z",
            "pod_identity_association": [],
            "preserve": null,
            "resolve_conflicts": null,
            "resolve_conflicts_on_create": null,
            "resolve_conflicts_on_update": "PRESERVE",
            "service_account_role_arn": "",
            "tags": {
              "Env": "Dev"
            },
            "tags_all": {
              "Env": "Dev"
            },
            "timeouts": null
          },
          "sensitive_attributes": [],
          "private": "eyJlMmJmYjczMC1lY2FhLTExZTYtOGY4OC0zNDM2M2JjN2M0YzAiOnsiY3JlYXRlIjoxMjAwMDAwMDAwMDAwLCJkZWxldGUiOjI0MDAwMDAwMDAwMDAsInVwZGF0ZSI6MTIwMDAwMDAwMDAwMH19",
          "dependencies": [
            "module.my-cluster1.aws_eks_cluster.my-cluster",
            "module.my-cluster1.aws_iam_role.myeksclusterrole",
            "module.my-cluster1.aws_iam_role_policy_attachment.AmazonEKclusterPolicy",
            "module.myvpc1.aws_subnet.my-private-subnet",
            "module.myvpc1.aws_vpc.my-vpc"
          ]
        },
        {
          "index_key": "4",
          "schema_version": 0,
          "attributes": {
            "addon_name": "metrics-server",
            "addon_version": "v0.7.2-eksbuild.3",
            "arn": "arn:aws:eks:us-west-2:920372995171:addon/my-cluster1/metrics-server/32cb4aa0-f038-ba54-12ca-cb6045d6d851",
            "cluster_name": "my-cluster1",
            "configuration_values": "",
            "created_at": "2025-05-03T08:27:24Z",
            "id": "my-cluster1:metrics-server",
            "modified_at": "2025-05-03T08:31:10Z",
            "pod_identity_association": [],
            "preserve": null,
            "resolve_conflicts": null,
            "resolve_conflicts_on_create": null,
            "resolve_conflicts_on_update": "PRESERVE",
            "service_account_role_arn": "",
            "tags": {
              "Env": "Dev"
            },
            "tags_all": {
              "Env": "Dev"
            },
            "timeouts": null
          },
          "sensitive_attributes": [],
          "private": "eyJlMmJmYjczMC1lY2FhLTExZTYtOGY4OC0zNDM2M2JjN2M0YzAiOnsiY3JlYXRlIjoxMjAwMDAwMDAwMDAwLCJkZWxldGUiOjI0MDAwMDAwMDAwMDAsInVwZGF0ZSI6MTIwMDAwMDAwMDAwMH19",
          "dependencies": [
            "module.my-cluster1.aws_eks_cluster.my-cluster",
            "module.my-cluster1.aws_iam_role.myeksclusterrole",
            "module.my-cluster1.aws_iam_role_policy_attachment.AmazonEKclusterPolicy",
            "module.myvpc1.aws_subnet.my-private-subnet",
            "module.myvpc1.aws_vpc.my-vpc"
          ]
        }
      ]
    },
    {
      "module": "module.my-cluster1",
      "mode": "managed",
      "type": "aws_eks_cluster",
      "name": "my-cluster",
      "provider": "provider[\"registry.terraform.io/hashicorp/aws\"]",
      "instances": [
        {
          "schema_version": 1,
          "attributes": {
            "access_config": [
              {
                "authentication_mode": "API",
                "bootstrap_cluster_creator_admin_permissions": false
              }
            ],
            "arn": "arn:aws:eks:us-west-2:920372995171:cluster/my-cluster1",
            "bootstrap_self_managed_addons": true,
            "certificate_authority": [
              {
                "data": "LS0tLS1CRUdJTiBDRVJUSUZJQ0FURS0tLS0tCk1JSURCVENDQWUyZ0F3SUJBZ0lJVkpBekdheGU1UGN3RFFZSktvWklodmNOQVFFTEJRQXdGVEVUTUJFR0ExVUUKQXhNS2EzVmlaWEp1WlhSbGN6QWVGdzB5TlRBMU1ETXdPREU0TkRWYUZ3MHpOVEExTURFd09ESXpORFZhTUJVeApFekFSQmdOVkJBTVRDbXQxWW1WeWJtVjBaWE13Z2dFaU1BMEdDU3FHU0liM0RRRUJBUVVBQTRJQkR3QXdnZ0VLCkFvSUJBUURDV1lPY1ZxcTBRYWtPamVnbmhOME9TOVJ0T2c5UTJISXBrbm42M0cvdUtYMkVkUklxYXJrWk50SSsKZGhreCtLNWExR3JZMzdGNHpxb25COUxPVk4vamZKR1R5M3FyRk9uUmpaeXQxaUxLRWk2Y0tpN2txcUg5bUo2VwpwOGhPZVUwVGRGMkY3Zk0rQ0dEdXo0UFFwYmxRTUtaZE0wSW13K2JvbXc1V3YxdjVES1pKZGp2eU9iNVY3MDkwCnlYNXVBVmhhckpIU2dzZE9EVU9OSXBCVzFyVlZxSnRLRXFMTmo0bE9hMDBLdUxKUkx2aUUxUGdrUVBoYitsY1cKYnB6bkt5eDFaRCtaTXhOVzJRUmdISE1XN2JyUnFkbzIwbHpZTDFJTWZzbmtRZFhUSnljL3g5NkduNHpmZUliegphQTlHM3E1SWFKVEd3aUhVZDgrVGtiQUcwSW5uQWdNQkFBR2pXVEJYTUE0R0ExVWREd0VCL3dRRUF3SUNwREFQCkJnTlZIUk1CQWY4RUJUQURBUUgvTUIwR0ExVWREZ1FXQkJUYWN0ZEY5TjJHem15RUVJemNGdENvOWV1Ui9UQVYKQmdOVkhSRUVEakFNZ2dwcmRXSmxjbTVsZEdWek1BMEdDU3FHU0liM0RRRUJDd1VBQTRJQkFRQUtsbFZLN2ErdQp3SjFKZUFSUW53enN2azhLb3JwRUdRZjFvMnlUT0pDZ3prMVFYeXI3T2czSmROcnY0QmNmMlNCeWRVL0pRZ1o2CjByK1lmVGZIR3dUcGFESG9DSFlpWS9aSWNsYUkwbUlIN1Zla1NYUVJMM3NHR3ZwQUU1QXd4T2VmT3N2R2dpUjIKdmJ3bHlzcG1tb1RvTDRtY3A3S2RKNHhaNTNVVFR4M0NQenMyYmhuVDZmWm9pRzhHbVJPelZiVERza0tUcHl2ZQpzb0Fpbkh5eGpNU0gwc1dqQVBoL3liTVNvVlpsVG1sRzhYM001ak5JRmdLNlBzU0NBZTdHNUg0Y3pUR3JxSGxHClowQUV1ZE5ad3hlZSt4WjViOHlHK3hPUVJ3L20wSjFLWCtRWmdzeWV0WFNIMzBBYzdiMGZnK3ZwRVRHOGNldEoKbG1YTXpoY09WampVCi0tLS0tRU5EIENFUlRJRklDQVRFLS0tLS0K"
              }
            ],
            "cluster_id": null,
            "compute_config": [],
            "created_at": "2025-05-03T08:19:44Z",
            "enabled_cluster_log_types": null,
            "encryption_config": [],
            "endpoint": "https://07ACEBE858AF2C480952F97B3209023C.gr7.us-west-2.eks.amazonaws.com",
            "id": "my-cluster1",
            "identity": [
              {
                "oidc": [
                  {
                    "issuer": "https://oidc.eks.us-west-2.amazonaws.com/id/07ACEBE858AF2C480952F97B3209023C"
                  }
                ]
              }
            ],
            "kubernetes_network_config": [
              {
                "elastic_load_balancing": [
                  {
                    "enabled": false
                  }
                ],
                "ip_family": "ipv4",
                "service_ipv4_cidr": "172.20.0.0/16",
                "service_ipv6_cidr": ""
              }
            ],
            "name": "my-cluster1",
            "outpost_config": [],
            "platform_version": "eks.9",
            "remote_network_config": [],
            "role_arn": "arn:aws:iam::920372995171:role/ekscluster-role",
            "status": "ACTIVE",
            "storage_config": [],
            "tags": {
              "Env": "Dev"
            },
            "tags_all": {
              "Env": "Dev"
            },
            "timeouts": null,
            "upgrade_policy": [
              {
                "support_type": "STANDARD"
              }
            ],
            "version": "1.32",
            "vpc_config": [
              {
                "cluster_security_group_id": "sg-0128c692479bd4126",
                "endpoint_private_access": true,
                "endpoint_public_access": true,
                "public_access_cidrs": [
                  "0.0.0.0/0"
                ],
                "security_group_ids": null,
                "subnet_ids": [
                  "subnet-0b1b6ad869503da7d",
                  "subnet-0b1f19e0cb141aec7",
                  "subnet-0de74852b1e2602f5"
                ],
                "vpc_id": "vpc-03a5c0feae9334ec1"
              }
            ],
            "zonal_shift_config": []
          },
          "sensitive_attributes": [],
          "private": "eyJlMmJmYjczMC1lY2FhLTExZTYtOGY4OC0zNDM2M2JjN2M0YzAiOnsiY3JlYXRlIjoxODAwMDAwMDAwMDAwLCJkZWxldGUiOjkwMDAwMDAwMDAwMCwidXBkYXRlIjozNjAwMDAwMDAwMDAwfSwic2NoZW1hX3ZlcnNpb24iOiIxIn0=",
          "dependencies": [
            "module.my-cluster1.aws_iam_role.myeksclusterrole",
            "module.my-cluster1.aws_iam_role_policy_attachment.AmazonEKclusterPolicy",
            "module.myvpc1.aws_subnet.my-private-subnet",
            "module.myvpc1.aws_vpc.my-vpc"
          ]
        }
      ]
    },
    {
      "module": "module.my-cluster1",
      "mode": "managed",
      "type": "aws_eks_node_group",
      "name": "example",
      "provider": "provider[\"registry.terraform.io/hashicorp/aws\"]",
      "instances": [
        {
          "schema_version": 0,
          "attributes": {
            "ami_type": "AL2_x86_64",
            "arn": "arn:aws:eks:us-west-2:920372995171:nodegroup/my-cluster1/my-nodegroup1/96cb4aa0-f03e-1235-8a0d-08be35337f89",
            "capacity_type": "ON_DEMAND",
            "cluster_name": "my-cluster1",
            "disk_size": 20,
            "force_update_version": null,
            "id": "my-cluster1:my-nodegroup1",
            "instance_types": [
              "t3.medium"
            ],
            "labels": null,
            "launch_template": [],
            "node_group_name": "my-nodegroup1",
            "node_group_name_prefix": "",
            "node_repair_config": [],
            "node_role_arn": "arn:aws:iam::920372995171:role/myekscluster-nodegroup-role",
            "release_version": "1.32.3-20250501",
            "remote_access": [],
            "resources": [
              {
                "autoscaling_groups": [
                  {
                    "name": "eks-my-nodegroup1-96cb4aa0-f03e-1235-8a0d-08be35337f89"
                  }
                ],
                "remote_access_security_group_id": ""
              }
            ],
            "scaling_config": [
              {
                "desired_size": 1,
                "max_size": 1,
                "min_size": 1
              }
            ],
            "status": "ACTIVE",
            "subnet_ids": [
              "subnet-0b1b6ad869503da7d",
              "subnet-0b1f19e0cb141aec7",
              "subnet-0de74852b1e2602f5"
            ],
            "tags": {
              "Env": "Dev"
            },
            "tags_all": {
              "Env": "Dev"
            },
            "taint": [],
            "timeouts": null,
            "update_config": [
              {
                "max_unavailable": 1,
                "max_unavailable_percentage": 0
              }
            ],
            "version": "1.32"
          },
          "sensitive_attributes": [],
          "private": "eyJlMmJmYjczMC1lY2FhLTExZTYtOGY4OC0zNDM2M2JjN2M0YzAiOnsiY3JlYXRlIjozNjAwMDAwMDAwMDAwLCJkZWxldGUiOjM2MDAwMDAwMDAwMDAsInVwZGF0ZSI6MzYwMDAwMDAwMDAwMH19",
          "dependencies": [
            "module.my-cluster1.aws_eks_cluster.my-cluster",
            "module.my-cluster1.aws_iam_role.my-node-group-role",
            "module.my-cluster1.aws_iam_role.myeksclusterrole",
            "module.my-cluster1.aws_iam_role_policy_attachment.AmazonEKclusterPolicy",
            "module.my-cluster1.aws_iam_role_policy_attachment.eks-node-group-policy",
            "module.myvpc1.aws_subnet.my-private-subnet",
            "module.myvpc1.aws_vpc.my-vpc"
          ]
        }
      ]
    },
    {
      "module": "module.my-cluster1",
      "mode": "managed",
      "type": "aws_iam_role",
      "name": "my-node-group-role",
      "provider": "provider[\"registry.terraform.io/hashicorp/aws\"]",
      "instances": [
        {
          "schema_version": 0,
          "attributes": {
            "arn": "arn:aws:iam::920372995171:role/myekscluster-nodegroup-role",
            "assume_role_policy": "{\"Statement\":[{\"Action\":[\"sts:AssumeRole\"],\"Effect\":\"Allow\",\"Principal\":{\"Service\":[\"ec2.amazonaws.com\"]}}],\"Version\":\"2012-10-17\"}",
            "create_date": "2025-05-03T08:19:33Z",
            "description": "",
            "force_detach_policies": false,
            "id": "myekscluster-nodegroup-role",
            "inline_policy": [],
            "managed_policy_arns": [],
            "max_session_duration": 3600,
            "name": "myekscluster-nodegroup-role",
            "name_prefix": "",
            "path": "/",
            "permissions_boundary": "",
            "tags": {
              "Env": "Dev"
            },
            "tags_all": {
              "Env": "Dev"
            },
            "unique_id": "AROA5MSUBMRRUBHVAZHTB"
          },
          "sensitive_attributes": [],
          "private": "bnVsbA=="
        }
      ]
    },
    {
      "module": "module.my-cluster1",
      "mode": "managed",
      "type": "aws_iam_role",
      "name": "myeksclusterrole",
      "provider": "provider[\"registry.terraform.io/hashicorp/aws\"]",
      "instances": [
        {
          "schema_version": 0,
          "attributes": {
            "arn": "arn:aws:iam::920372995171:role/ekscluster-role",
            "assume_role_policy": "{\"Statement\":[{\"Action\":\"sts:AssumeRole\",\"Effect\":\"Allow\",\"Principal\":{\"Service\":[\"eks.amazonaws.com\"]}}],\"Version\":\"2012-10-17\"}",
            "create_date": "2025-05-03T08:19:33Z",
            "description": "",
            "force_detach_policies": false,
            "id": "ekscluster-role",
            "inline_policy": [],
            "managed_policy_arns": [],
            "max_session_duration": 3600,
            "name": "ekscluster-role",
            "name_prefix": "",
            "path": "/",
            "permissions_boundary": "",
            "tags": {
              "Env": "Dev"
            },
            "tags_all": {
              "Env": "Dev"
            },
            "unique_id": "AROA5MSUBMRR2IJIOCZMQ"
          },
          "sensitive_attributes": [],
          "private": "bnVsbA=="
        }
      ]
    },
    {
      "module": "module.my-cluster1",
      "mode": "managed",
      "type": "aws_iam_role_policy_attachment",
      "name": "AmazonEKclusterPolicy",
      "provider": "provider[\"registry.terraform.io/hashicorp/aws\"]",
      "instances": [
        {
          "schema_version": 0,
          "attributes": {
            "id": "ekscluster-role-20250503081934823000000001",
            "policy_arn": "arn:aws:iam::aws:policy/AmazonEKSClusterPolicy",
            "role": "ekscluster-role"
          },
          "sensitive_attributes": [],
          "private": "bnVsbA==",
          "dependencies": [
            "module.my-cluster1.aws_iam_role.myeksclusterrole"
          ]
        }
      ]
    },
    {
      "module": "module.my-cluster1",
      "mode": "managed",
      "type": "aws_iam_role_policy_attachment",
      "name": "eks-node-group-policy",
      "provider": "provider[\"registry.terraform.io/hashicorp/aws\"]",
      "instances": [
        {
          "index_key": "AmazonEC2ContainerRegistryReadOnly",
          "schema_version": 0,
          "attributes": {
            "id": "myekscluster-nodegroup-role-20250503081935115800000003",
            "policy_arn": "arn:aws:iam::aws:policy/AmazonEC2ContainerRegistryReadOnly",
            "role": "myekscluster-nodegroup-role"
          },
          "sensitive_attributes": [],
          "private": "bnVsbA==",
          "dependencies": [
            "module.my-cluster1.aws_iam_role.my-node-group-role"
          ]
        },
        {
          "index_key": "AmazonEKSWorkerNodePolicy",
          "schema_version": 0,
          "attributes": {
            "id": "myekscluster-nodegroup-role-20250503081935263300000004",
            "policy_arn": "arn:aws:iam::aws:policy/AmazonEKSWorkerNodePolicy",
            "role": "myekscluster-nodegroup-role"
          },
          "sensitive_attributes": [],
          "private": "bnVsbA==",
          "dependencies": [
            "module.my-cluster1.aws_iam_role.my-node-group-role"
          ]
        },
        {
          "index_key": "AmazonEKS_CNI_Policy",
          "schema_version": 0,
          "attributes": {
            "id": "myekscluster-nodegroup-role-20250503081934953600000002",
            "policy_arn": "arn:aws:iam::aws:policy/AmazonEKS_CNI_Policy",
            "role": "myekscluster-nodegroup-role"
          },
          "sensitive_attributes": [],
          "private": "bnVsbA==",
          "dependencies": [
            "module.my-cluster1.aws_iam_role.my-node-group-role"
          ]
        }
      ]
    },
    {
      "module": "module.myvpc1",
      "mode": "managed",
      "type": "aws_eip",
      "name": "nat_gateway_eip",
      "provider": "provider[\"registry.terraform.io/hashicorp/aws\"]",
      "instances": [
        {
          "index_key": 0,
          "schema_version": 0,
          "attributes": {
            "address": null,
            "allocation_id": "eipalloc-0e857ac13431c4cd9",
            "arn": "arn:aws:ec2:us-west-2:920372995171:elastic-ip/eipalloc-0e857ac13431c4cd9",
            "associate_with_private_ip": null,
            "association_id": "",
            "carrier_ip": "",
            "customer_owned_ip": "",
            "customer_owned_ipv4_pool": "",
            "domain": "vpc",
            "id": "eipalloc-0e857ac13431c4cd9",
            "instance": "",
            "ipam_pool_id": null,
            "network_border_group": "us-west-2",
            "network_interface": "",
            "private_dns": null,
            "private_ip": "",
            "ptr_record": "",
            "public_dns": "ec2-35-84-117-67.us-west-2.compute.amazonaws.com",
            "public_ip": "35.84.117.67",
            "public_ipv4_pool": "amazon",
            "tags": {
              "Env": "Dev",
              "Name": ""
            },
            "tags_all": {
              "Env": "Dev",
              "Name": ""
            },
            "timeouts": null,
            "vpc": true
          },
          "sensitive_attributes": [],
          "private": "eyJlMmJmYjczMC1lY2FhLTExZTYtOGY4OC0zNDM2M2JjN2M0YzAiOnsiZGVsZXRlIjoxODAwMDAwMDAwMDAsInJlYWQiOjkwMDAwMDAwMDAwMCwidXBkYXRlIjozMDAwMDAwMDAwMDB9fQ=="
        }
      ]
    },
    {
      "module": "module.myvpc1",
      "mode": "managed",
      "type": "aws_internet_gateway",
      "name": "gateway",
      "provider": "provider[\"registry.terraform.io/hashicorp/aws\"]",
      "instances": [
        {
          "schema_version": 0,
          "attributes": {
            "arn": "arn:aws:ec2:us-west-2:920372995171:internet-gateway/igw-0b627ebaee168056e",
            "id": "igw-0b627ebaee168056e",
            "owner_id": "920372995171",
            "tags": {
              "Env": "Dev",
              "Name": "myvpc1_gateway_name"
            },
            "tags_all": {
              "Env": "Dev",
              "Name": "myvpc1_gateway_name"
            },
            "timeouts": null,
            "vpc_id": "vpc-03a5c0feae9334ec1"
          },
          "sensitive_attributes": [],
          "private": "eyJlMmJmYjczMC1lY2FhLTExZTYtOGY4OC0zNDM2M2JjN2M0YzAiOnsiY3JlYXRlIjoxMjAwMDAwMDAwMDAwLCJkZWxldGUiOjEyMDAwMDAwMDAwMDAsInVwZGF0ZSI6MTIwMDAwMDAwMDAwMH19",
          "dependencies": [
            "module.myvpc1.aws_vpc.my-vpc"
          ]
        }
      ]
    },
    {
      "module": "module.myvpc1",
      "mode": "managed",
      "type": "aws_nat_gateway",
      "name": "mynat-gateway",
      "provider": "provider[\"registry.terraform.io/hashicorp/aws\"]",
      "instances": [
        {
          "index_key": 0,
          "schema_version": 0,
          "attributes": {
            "allocation_id": "eipalloc-0e857ac13431c4cd9",
            "association_id": "eipassoc-0d6a9ebe54aa46964",
            "connectivity_type": "public",
            "id": "nat-0786b7d4b8e252c7c",
            "network_interface_id": "eni-0e0ec588472e9aff3",
            "private_ip": "10.0.2.80",
            "public_ip": "35.84.117.67",
            "secondary_allocation_ids": null,
            "secondary_private_ip_address_count": 0,
            "secondary_private_ip_addresses": [],
            "subnet_id": "subnet-0deff8b8b72073d21",
            "tags": {
              "Env": "Dev",
              "Name": "my-Nat-gateway"
            },
            "tags_all": {
              "Env": "Dev",
              "Name": "my-Nat-gateway"
            },
            "timeouts": null
          },
          "sensitive_attributes": [],
          "private": "eyJlMmJmYjczMC1lY2FhLTExZTYtOGY4OC0zNDM2M2JjN2M0YzAiOnsiY3JlYXRlIjo2MDAwMDAwMDAwMDAsImRlbGV0ZSI6MTgwMDAwMDAwMDAwMCwidXBkYXRlIjo2MDAwMDAwMDAwMDB9fQ==",
          "dependencies": [
            "module.myvpc1.aws_eip.nat_gateway_eip",
            "module.myvpc1.aws_internet_gateway.gateway",
            "module.myvpc1.aws_subnet.my-public-subnet",
            "module.myvpc1.aws_vpc.my-vpc"
          ]
        }
      ]
    },
    {
      "module": "module.myvpc1",
      "mode": "managed",
      "type": "aws_route_table",
      "name": "my-private-routetable",
      "provider": "provider[\"registry.terraform.io/hashicorp/aws\"]",
      "instances": [
        {
          "index_key": 0,
          "schema_version": 0,
          "attributes": {
            "arn": "arn:aws:ec2:us-west-2:920372995171:route-table/rtb-0e17ef7d7e252b5e2",
            "id": "rtb-0e17ef7d7e252b5e2",
            "owner_id": "920372995171",
            "propagating_vgws": [],
            "route": [
              {
                "carrier_gateway_id": "",
                "cidr_block": "0.0.0.0/0",
                "core_network_arn": "",
                "destination_prefix_list_id": "",
                "egress_only_gateway_id": "",
                "gateway_id": "",
                "ipv6_cidr_block": "",
                "local_gateway_id": "",
                "nat_gateway_id": "nat-0786b7d4b8e252c7c",
                "network_interface_id": "",
                "transit_gateway_id": "",
                "vpc_endpoint_id": "",
                "vpc_peering_connection_id": ""
              }
            ],
            "tags": {
              "Env": "Dev",
              "Name": "myvpc1_routetable_private"
            },
            "tags_all": {
              "Env": "Dev",
              "Name": "myvpc1_routetable_private"
            },
            "timeouts": null,
            "vpc_id": "vpc-03a5c0feae9334ec1"
          },
          "sensitive_attributes": [],
          "private": "eyJlMmJmYjczMC1lY2FhLTExZTYtOGY4OC0zNDM2M2JjN2M0YzAiOnsiY3JlYXRlIjozMDAwMDAwMDAwMDAsImRlbGV0ZSI6MzAwMDAwMDAwMDAwLCJ1cGRhdGUiOjEyMDAwMDAwMDAwMH19",
          "dependencies": [
            "module.myvpc1.aws_eip.nat_gateway_eip",
            "module.myvpc1.aws_internet_gateway.gateway",
            "module.myvpc1.aws_nat_gateway.mynat-gateway",
            "module.myvpc1.aws_subnet.my-public-subnet",
            "module.myvpc1.aws_vpc.my-vpc"
          ]
        }
      ]
    },
    {
      "module": "module.myvpc1",
      "mode": "managed",
      "type": "aws_route_table",
      "name": "my-public-routetable",
      "provider": "provider[\"registry.terraform.io/hashicorp/aws\"]",
      "instances": [
        {
          "schema_version": 0,
          "attributes": {
            "arn": "arn:aws:ec2:us-west-2:920372995171:route-table/rtb-00e27bea40b5dfeba",
            "id": "rtb-00e27bea40b5dfeba",
            "owner_id": "920372995171",
            "propagating_vgws": [],
            "route": [
              {
                "carrier_gateway_id": "",
                "cidr_block": "0.0.0.0/0",
                "core_network_arn": "",
                "destination_prefix_list_id": "",
                "egress_only_gateway_id": "",
                "gateway_id": "igw-0b627ebaee168056e",
                "ipv6_cidr_block": "",
                "local_gateway_id": "",
                "nat_gateway_id": "",
                "network_interface_id": "",
                "transit_gateway_id": "",
                "vpc_endpoint_id": "",
                "vpc_peering_connection_id": ""
              }
            ],
            "tags": {
              "Env": "Dev",
              "Name": "myvpc1_routetable"
            },
            "tags_all": {
              "Env": "Dev",
              "Name": "myvpc1_routetable"
            },
            "timeouts": null,
            "vpc_id": "vpc-03a5c0feae9334ec1"
          },
          "sensitive_attributes": [],
          "private": "eyJlMmJmYjczMC1lY2FhLTExZTYtOGY4OC0zNDM2M2JjN2M0YzAiOnsiY3JlYXRlIjozMDAwMDAwMDAwMDAsImRlbGV0ZSI6MzAwMDAwMDAwMDAwLCJ1cGRhdGUiOjEyMDAwMDAwMDAwMH19",
          "dependencies": [
            "module.myvpc1.aws_internet_gateway.gateway",
            "module.myvpc1.aws_vpc.my-vpc"
          ]
        }
      ]
    },
    {
      "module": "module.myvpc1",
      "mode": "managed",
      "type": "aws_route_table_association",
      "name": "a-private",
      "provider": "provider[\"registry.terraform.io/hashicorp/aws\"]",
      "instances": [
        {
          "index_key": "0",
          "schema_version": 0,
          "attributes": {
            "gateway_id": "",
            "id": "rtbassoc-0e614313e84b46353",
            "route_table_id": "rtb-0e17ef7d7e252b5e2",
            "subnet_id": "subnet-0de74852b1e2602f5",
            "timeouts": null
          },
          "sensitive_attributes": [],
          "private": "eyJlMmJmYjczMC1lY2FhLTExZTYtOGY4OC0zNDM2M2JjN2M0YzAiOnsiY3JlYXRlIjozMDAwMDAwMDAwMDAsImRlbGV0ZSI6MzAwMDAwMDAwMDAwLCJ1cGRhdGUiOjEyMDAwMDAwMDAwMH19",
          "dependencies": [
            "module.myvpc1.aws_eip.nat_gateway_eip",
            "module.myvpc1.aws_internet_gateway.gateway",
            "module.myvpc1.aws_nat_gateway.mynat-gateway",
            "module.myvpc1.aws_route_table.my-private-routetable",
            "module.myvpc1.aws_subnet.my-private-subnet",
            "module.myvpc1.aws_subnet.my-public-subnet",
            "module.myvpc1.aws_vpc.my-vpc"
          ]
        },
        {
          "index_key": "1",
          "schema_version": 0,
          "attributes": {
            "gateway_id": "",
            "id": "rtbassoc-0a3feefe2b60e1b23",
            "route_table_id": "rtb-0e17ef7d7e252b5e2",
            "subnet_id": "subnet-0b1f19e0cb141aec7",
            "timeouts": null
          },
          "sensitive_attributes": [],
          "private": "eyJlMmJmYjczMC1lY2FhLTExZTYtOGY4OC0zNDM2M2JjN2M0YzAiOnsiY3JlYXRlIjozMDAwMDAwMDAwMDAsImRlbGV0ZSI6MzAwMDAwMDAwMDAwLCJ1cGRhdGUiOjEyMDAwMDAwMDAwMH19",
          "dependencies": [
            "module.myvpc1.aws_eip.nat_gateway_eip",
            "module.myvpc1.aws_internet_gateway.gateway",
            "module.myvpc1.aws_nat_gateway.mynat-gateway",
            "module.myvpc1.aws_route_table.my-private-routetable",
            "module.myvpc1.aws_subnet.my-private-subnet",
            "module.myvpc1.aws_subnet.my-public-subnet",
            "module.myvpc1.aws_vpc.my-vpc"
          ]
        },
        {
          "index_key": "2",
          "schema_version": 0,
          "attributes": {
            "gateway_id": "",
            "id": "rtbassoc-0a992a537d851c2a1",
            "route_table_id": "rtb-0e17ef7d7e252b5e2",
            "subnet_id": "subnet-0b1b6ad869503da7d",
            "timeouts": null
          },
          "sensitive_attributes": [],
          "private": "eyJlMmJmYjczMC1lY2FhLTExZTYtOGY4OC0zNDM2M2JjN2M0YzAiOnsiY3JlYXRlIjozMDAwMDAwMDAwMDAsImRlbGV0ZSI6MzAwMDAwMDAwMDAwLCJ1cGRhdGUiOjEyMDAwMDAwMDAwMH19",
          "dependencies": [
            "module.myvpc1.aws_eip.nat_gateway_eip",
            "module.myvpc1.aws_internet_gateway.gateway",
            "module.myvpc1.aws_nat_gateway.mynat-gateway",
            "module.myvpc1.aws_route_table.my-private-routetable",
            "module.myvpc1.aws_subnet.my-private-subnet",
            "module.myvpc1.aws_subnet.my-public-subnet",
            "module.myvpc1.aws_vpc.my-vpc"
          ]
        }
      ]
    },
    {
      "module": "module.myvpc1",
      "mode": "managed",
      "type": "aws_route_table_association",
      "name": "a-public",
      "provider": "provider[\"registry.terraform.io/hashicorp/aws\"]",
      "instances": [
        {
          "index_key": "0",
          "schema_version": 0,
          "attributes": {
            "gateway_id": "",
            "id": "rtbassoc-08b1ccda07116e28a",
            "route_table_id": "rtb-00e27bea40b5dfeba",
            "subnet_id": "subnet-0deff8b8b72073d21",
            "timeouts": null
          },
          "sensitive_attributes": [],
          "private": "eyJlMmJmYjczMC1lY2FhLTExZTYtOGY4OC0zNDM2M2JjN2M0YzAiOnsiY3JlYXRlIjozMDAwMDAwMDAwMDAsImRlbGV0ZSI6MzAwMDAwMDAwMDAwLCJ1cGRhdGUiOjEyMDAwMDAwMDAwMH19",
          "dependencies": [
            "module.myvpc1.aws_internet_gateway.gateway",
            "module.myvpc1.aws_route_table.my-public-routetable",
            "module.myvpc1.aws_subnet.my-public-subnet",
            "module.myvpc1.aws_vpc.my-vpc"
          ]
        },
        {
          "index_key": "1",
          "schema_version": 0,
          "attributes": {
            "gateway_id": "",
            "id": "rtbassoc-0ea9f8c33c3a15ee5",
            "route_table_id": "rtb-00e27bea40b5dfeba",
            "subnet_id": "subnet-02518ed9f597e1c91",
            "timeouts": null
          },
          "sensitive_attributes": [],
          "private": "eyJlMmJmYjczMC1lY2FhLTExZTYtOGY4OC0zNDM2M2JjN2M0YzAiOnsiY3JlYXRlIjozMDAwMDAwMDAwMDAsImRlbGV0ZSI6MzAwMDAwMDAwMDAwLCJ1cGRhdGUiOjEyMDAwMDAwMDAwMH19",
          "dependencies": [
            "module.myvpc1.aws_internet_gateway.gateway",
            "module.myvpc1.aws_route_table.my-public-routetable",
            "module.myvpc1.aws_subnet.my-public-subnet",
            "module.myvpc1.aws_vpc.my-vpc"
          ]
        }
      ]
    },
    {
      "module": "module.myvpc1",
      "mode": "managed",
      "type": "aws_subnet",
      "name": "my-private-subnet",
      "provider": "provider[\"registry.terraform.io/hashicorp/aws\"]",
      "instances": [
        {
          "index_key": "0",
          "schema_version": 1,
          "attributes": {
            "arn": "arn:aws:ec2:us-west-2:920372995171:subnet/subnet-0de74852b1e2602f5",
            "assign_ipv6_address_on_creation": false,
            "availability_zone": "us-west-2a",
            "availability_zone_id": "usw2-az2",
            "cidr_block": "10.0.20.0/24",
            "customer_owned_ipv4_pool": "",
            "enable_dns64": false,
            "enable_lni_at_device_index": 0,
            "enable_resource_name_dns_a_record_on_launch": false,
            "enable_resource_name_dns_aaaa_record_on_launch": false,
            "id": "subnet-0de74852b1e2602f5",
            "ipv6_cidr_block": "",
            "ipv6_cidr_block_association_id": "",
            "ipv6_native": false,
            "map_customer_owned_ip_on_launch": false,
            "map_public_ip_on_launch": false,
            "outpost_arn": "",
            "owner_id": "920372995171",
            "private_dns_hostname_type_on_launch": "ip-name",
            "tags": {
              "Env": "Dev",
              "Name": "private_subnet1"
            },
            "tags_all": {
              "Env": "Dev",
              "Name": "private_subnet1"
            },
            "timeouts": null,
            "vpc_id": "vpc-03a5c0feae9334ec1"
          },
          "sensitive_attributes": [],
          "private": "eyJlMmJmYjczMC1lY2FhLTExZTYtOGY4OC0zNDM2M2JjN2M0YzAiOnsiY3JlYXRlIjo2MDAwMDAwMDAwMDAsImRlbGV0ZSI6MTIwMDAwMDAwMDAwMH0sInNjaGVtYV92ZXJzaW9uIjoiMSJ9",
          "dependencies": [
            "module.myvpc1.aws_vpc.my-vpc"
          ]
        },
        {
          "index_key": "1",
          "schema_version": 1,
          "attributes": {
            "arn": "arn:aws:ec2:us-west-2:920372995171:subnet/subnet-0b1f19e0cb141aec7",
            "assign_ipv6_address_on_creation": false,
            "availability_zone": "us-west-2b",
            "availability_zone_id": "usw2-az1",
            "cidr_block": "10.0.30.0/24",
            "customer_owned_ipv4_pool": "",
            "enable_dns64": false,
            "enable_lni_at_device_index": 0,
            "enable_resource_name_dns_a_record_on_launch": false,
            "enable_resource_name_dns_aaaa_record_on_launch": false,
            "id": "subnet-0b1f19e0cb141aec7",
            "ipv6_cidr_block": "",
            "ipv6_cidr_block_association_id": "",
            "ipv6_native": false,
            "map_customer_owned_ip_on_launch": false,
            "map_public_ip_on_launch": false,
            "outpost_arn": "",
            "owner_id": "920372995171",
            "private_dns_hostname_type_on_launch": "ip-name",
            "tags": {
              "Env": "Dev",
              "Name": "private_subnet2"
            },
            "tags_all": {
              "Env": "Dev",
              "Name": "private_subnet2"
            },
            "timeouts": null,
            "vpc_id": "vpc-03a5c0feae9334ec1"
          },
          "sensitive_attributes": [],
          "private": "eyJlMmJmYjczMC1lY2FhLTExZTYtOGY4OC0zNDM2M2JjN2M0YzAiOnsiY3JlYXRlIjo2MDAwMDAwMDAwMDAsImRlbGV0ZSI6MTIwMDAwMDAwMDAwMH0sInNjaGVtYV92ZXJzaW9uIjoiMSJ9",
          "dependencies": [
            "module.myvpc1.aws_vpc.my-vpc"
          ]
        },
        {
          "index_key": "2",
          "schema_version": 1,
          "attributes": {
            "arn": "arn:aws:ec2:us-west-2:920372995171:subnet/subnet-0b1b6ad869503da7d",
            "assign_ipv6_address_on_creation": false,
            "availability_zone": "us-west-2b",
            "availability_zone_id": "usw2-az1",
            "cidr_block": "10.0.40.0/24",
            "customer_owned_ipv4_pool": "",
            "enable_dns64": false,
            "enable_lni_at_device_index": 0,
            "enable_resource_name_dns_a_record_on_launch": false,
            "enable_resource_name_dns_aaaa_record_on_launch": false,
            "id": "subnet-0b1b6ad869503da7d",
            "ipv6_cidr_block": "",
            "ipv6_cidr_block_association_id": "",
            "ipv6_native": false,
            "map_customer_owned_ip_on_launch": false,
            "map_public_ip_on_launch": false,
            "outpost_arn": "",
            "owner_id": "920372995171",
            "private_dns_hostname_type_on_launch": "ip-name",
            "tags": {
              "Env": "Dev",
              "Name": "private_subnet23"
            },
            "tags_all": {
              "Env": "Dev",
              "Name": "private_subnet23"
            },
            "timeouts": null,
            "vpc_id": "vpc-03a5c0feae9334ec1"
          },
          "sensitive_attributes": [],
          "private": "eyJlMmJmYjczMC1lY2FhLTExZTYtOGY4OC0zNDM2M2JjN2M0YzAiOnsiY3JlYXRlIjo2MDAwMDAwMDAwMDAsImRlbGV0ZSI6MTIwMDAwMDAwMDAwMH0sInNjaGVtYV92ZXJzaW9uIjoiMSJ9",
          "dependencies": [
            "module.myvpc1.aws_vpc.my-vpc"
          ]
        }
      ]
    },
    {
      "module": "module.myvpc1",
      "mode": "managed",
      "type": "aws_subnet",
      "name": "my-public-subnet",
      "provider": "provider[\"registry.terraform.io/hashicorp/aws\"]",
      "instances": [
        {
          "index_key": "0",
          "schema_version": 1,
          "attributes": {
            "arn": "arn:aws:ec2:us-west-2:920372995171:subnet/subnet-0deff8b8b72073d21",
            "assign_ipv6_address_on_creation": false,
            "availability_zone": "us-west-2a",
            "availability_zone_id": "usw2-az2",
            "cidr_block": "10.0.2.0/24",
            "customer_owned_ipv4_pool": "",
            "enable_dns64": false,
            "enable_lni_at_device_index": 0,
            "enable_resource_name_dns_a_record_on_launch": false,
            "enable_resource_name_dns_aaaa_record_on_launch": false,
            "id": "subnet-0deff8b8b72073d21",
            "ipv6_cidr_block": "",
            "ipv6_cidr_block_association_id": "",
            "ipv6_native": false,
            "map_customer_owned_ip_on_launch": false,
            "map_public_ip_on_launch": true,
            "outpost_arn": "",
            "owner_id": "920372995171",
            "private_dns_hostname_type_on_launch": "ip-name",
            "tags": {
              "Env": "Dev",
              "Name": "public_subnet1"
            },
            "tags_all": {
              "Env": "Dev",
              "Name": "public_subnet1"
            },
            "timeouts": null,
            "vpc_id": "vpc-03a5c0feae9334ec1"
          },
          "sensitive_attributes": [],
          "private": "eyJlMmJmYjczMC1lY2FhLTExZTYtOGY4OC0zNDM2M2JjN2M0YzAiOnsiY3JlYXRlIjo2MDAwMDAwMDAwMDAsImRlbGV0ZSI6MTIwMDAwMDAwMDAwMH0sInNjaGVtYV92ZXJzaW9uIjoiMSJ9",
          "dependencies": [
            "module.myvpc1.aws_vpc.my-vpc"
          ]
        },
        {
          "index_key": "1",
          "schema_version": 1,
          "attributes": {
            "arn": "arn:aws:ec2:us-west-2:920372995171:subnet/subnet-02518ed9f597e1c91",
            "assign_ipv6_address_on_creation": false,
            "availability_zone": "us-west-2b",
            "availability_zone_id": "usw2-az1",
            "cidr_block": "10.0.10.0/24",
            "customer_owned_ipv4_pool": "",
            "enable_dns64": false,
            "enable_lni_at_device_index": 0,
            "enable_resource_name_dns_a_record_on_launch": false,
            "enable_resource_name_dns_aaaa_record_on_launch": false,
            "id": "subnet-02518ed9f597e1c91",
            "ipv6_cidr_block": "",
            "ipv6_cidr_block_association_id": "",
            "ipv6_native": false,
            "map_customer_owned_ip_on_launch": false,
            "map_public_ip_on_launch": true,
            "outpost_arn": "",
            "owner_id": "920372995171",
            "private_dns_hostname_type_on_launch": "ip-name",
            "tags": {
              "Env": "Dev",
              "Name": "public_subnet2"
            },
            "tags_all": {
              "Env": "Dev",
              "Name": "public_subnet2"
            },
            "timeouts": null,
            "vpc_id": "vpc-03a5c0feae9334ec1"
          },
          "sensitive_attributes": [],
          "private": "eyJlMmJmYjczMC1lY2FhLTExZTYtOGY4OC0zNDM2M2JjN2M0YzAiOnsiY3JlYXRlIjo2MDAwMDAwMDAwMDAsImRlbGV0ZSI6MTIwMDAwMDAwMDAwMH0sInNjaGVtYV92ZXJzaW9uIjoiMSJ9",
          "dependencies": [
            "module.myvpc1.aws_vpc.my-vpc"
          ]
        }
      ]
    },
    {
      "module": "module.myvpc1",
      "mode": "managed",
      "type": "aws_vpc",
      "name": "my-vpc",
      "provider": "provider[\"registry.terraform.io/hashicorp/aws\"]",
      "instances": [
        {
          "schema_version": 1,
          "attributes": {
            "arn": "arn:aws:ec2:us-west-2:920372995171:vpc/vpc-03a5c0feae9334ec1",
            "assign_generated_ipv6_cidr_block": false,
            "cidr_block": "10.0.0.0/16",
            "default_network_acl_id": "acl-0d50bfa00de3b78fa",
            "default_route_table_id": "rtb-0c193ffa6b6836893",
            "default_security_group_id": "sg-071e86306f60d22d7",
            "dhcp_options_id": "dopt-0e750eb475cedc74a",
            "enable_dns_hostnames": false,
            "enable_dns_support": true,
            "enable_network_address_usage_metrics": false,
            "id": "vpc-03a5c0feae9334ec1",
            "instance_tenancy": "default",
            "ipv4_ipam_pool_id": null,
            "ipv4_netmask_length": null,
            "ipv6_association_id": "",
            "ipv6_cidr_block": "",
            "ipv6_cidr_block_network_border_group": "",
            "ipv6_ipam_pool_id": "",
            "ipv6_netmask_length": 0,
            "main_route_table_id": "rtb-0c193ffa6b6836893",
            "owner_id": "920372995171",
            "tags": {
              "Env": "Dev",
              "Name": "myvpc-1"
            },
            "tags_all": {
              "Env": "Dev",
              "Name": "myvpc-1"
            }
          },
          "sensitive_attributes": [],
          "private": "eyJzY2hlbWFfdmVyc2lvbiI6IjEifQ=="
        }
      ]
    }
  ],
  "check_results": null
}
